
Microsoft Visual Studio Solution File, Format Version 12.00
# Visual Studio 15
VisualStudioVersion = 15.0.28010.2050
MinimumVisualStudioVersion = 10.0.40219.1
Project("{FAE04EC0-301F-11D3-BF4B-00C04F79EFBC}") = "ランチシュミレーター", "ランチシュミレーター\ランチシュミレーター.csproj", "{BCABA952-599A-4493-8E32-BB7B2522DF83}"
EndProject
Global
	GlobalSection(SolutionConfigurationPlatforms) = preSolution
		Debug|Any CPU = Debug|Any CPU
		Release|Any CPU = Release|Any CPU
	EndGlobalSection
	GlobalSection(ProjectConfigurationPlatforms) = postSolution
		{BCABA952-599A-4493-8E32-BB7B2522DF83}.Debug|Any CPU.ActiveCfg = Debug|Any CPU
		{BCABA952-599A-4493-8E32-BB7B2522DF83}.Debug|Any CPU.Build.0 = Debug|Any CPU
		{BCABA952-599A-4493-8E32-BB7B2522DF83}.Release|Any CPU.ActiveCfg = Release|Any CPU
		{BCABA952-599A-4493-8E32-BB7B2522DF83}.Release|Any CPU.Build.0 = Release|Any CPU
	EndGlobalSection
	GlobalSection(SolutionProperties) = preSolution
		HideSolutionNode = FALSE
	EndGlobalSection
	GlobalSection(ExtensibilityGlobals) = postSolution
		SolutionGuid = {A3DD8547-8CFE-49E8-A110-D86E48C1BE97}
	EndGlobalSection
EndGlobal
